
Microsoft Visual Studio Solution File, Format Version 12.00
# Visual Studio 15
VisualStudioVersion = 15.0.28307.960
MinimumVisualStudioVersion = 10.0.40219.1
Project("{FAE04EC0-301F-11D3-BF4B-00C04F79EFBC}") = "Foundation.ContentTagging", "Foundation.ContentTagging\Foundation.ContentTagging.csproj", "{35CDD2B4-98C2-4AA4-A277-0B6E1541A12F}"
EndProject
Global
	GlobalSection(SolutionConfigurationPlatforms) = preSolution
		Debug|Any CPU = Debug|Any CPU
		Release|Any CPU = Release|Any CPU
	EndGlobalSection
	GlobalSection(ProjectConfigurationPlatforms) = postSolution
		{35CDD2B4-98C2-4AA4-A277-0B6E1541A12F}.Debug|Any CPU.ActiveCfg = Debug|Any CPU
		{35CDD2B4-98C2-4AA4-A277-0B6E1541A12F}.Debug|Any CPU.Build.0 = Debug|Any CPU
		{35CDD2B4-98C2-4AA4-A277-0B6E1541A12F}.Release|Any CPU.ActiveCfg = Release|Any CPU
		{35CDD2B4-98C2-4AA4-A277-0B6E1541A12F}.Release|Any CPU.Build.0 = Release|Any CPU
	EndGlobalSection
	GlobalSection(SolutionProperties) = preSolution
		HideSolutionNode = FALSE
	EndGlobalSection
	GlobalSection(ExtensibilityGlobals) = postSolution
		SolutionGuid = {CD55E809-46DE-4BBA-B8AB-9F0F947A48AC}
	EndGlobalSection
EndGlobal
